
Microsoft Visual Studio Solution File, Format Version 12.00
# Visual Studio Version 16
VisualStudioVersion = 16.0.31727.386
MinimumVisualStudioVersion = 10.0.40219.1
Project("{FAE04EC0-301F-11D3-BF4B-00C04F79EFBC}") = "TESZT2", "TESZT2\TESZT2.csproj", "{2C7789D3-0517-45C0-A3F2-C3628F27DFBF}"
EndProject
Global
	GlobalSection(SolutionConfigurationPlatforms) = preSolution
		Debug|Any CPU = Debug|Any CPU
		Release|Any CPU = Release|Any CPU
	EndGlobalSection
	GlobalSection(ProjectConfigurationPlatforms) = postSolution
		{2C7789D3-0517-45C0-A3F2-C3628F27DFBF}.Debug|Any CPU.ActiveCfg = Debug|Any CPU
		{2C7789D3-0517-45C0-A3F2-C3628F27DFBF}.Debug|Any CPU.Build.0 = Debug|Any CPU
		{2C7789D3-0517-45C0-A3F2-C3628F27DFBF}.Release|Any CPU.ActiveCfg = Release|Any CPU
		{2C7789D3-0517-45C0-A3F2-C3628F27DFBF}.Release|Any CPU.Build.0 = Release|Any CPU
	EndGlobalSection
	GlobalSection(SolutionProperties) = preSolution
		HideSolutionNode = FALSE
	EndGlobalSection
	GlobalSection(ExtensibilityGlobals) = postSolution
		SolutionGuid = {F894A057-C78B-4354-8EF3-92A84A84E487}
	EndGlobalSection
EndGlobal
